packages:
  apb:
    revision: null
    version: null
    source:
      Path: rtl/apb
    dependencies:
    - common_cells
  axi:
    revision: 78831b6feba265d5ee2683bbf42b4150f8a35c43
    version: 0.39.8
    source:
      Git: https://github.com/pulp-platform/axi.git
    dependencies:
    - common_cells
    - common_verification
    - tech_cells_generic
  axi_stream:
    revision: 54891ff40455ca94a37641b9da4604647878cc07
    version: 0.1.1
    source:
      Git: https://github.com/pulp-platform/axi_stream.git
    dependencies:
    - common_cells
  common_cells:
    revision: null
    version: null
    source:
      Path: rtl/common_cells
    dependencies:
    - common_verification
    - tech_cells_generic
  common_verification:
    revision: null
    version: null
    source:
      Path: rtl/common_verification
    dependencies: []
  cve2:
    revision: null
    version: null
    source:
      Path: rtl/cve2
    dependencies: []
  idma:
    revision: 5ba37acb3437788f8800f8afcb7ac256ecb46479
    version: null
    source:
      Git: https://github.com/piussieber/iDMA_axis_obi.git
    dependencies:
    - axi
    - axi_stream
    - common_cells
    - common_verification
    - obi
    - register_interface
  obi:
    revision: null
    version: null
    source:
      Path: rtl/obi
    dependencies:
    - common_cells
    - common_verification
  obi_peripherals:
    revision: null
    version: null
    source:
      Path: rtl/obi_uart
    dependencies:
    - common_cells
    - obi
  pjon_hw:
    revision: 9324264a163dba4f347573f2f796d3bac9493e19
    version: null
    source:
      Git: https://github.com/piussieber/PJON_HW.git
    dependencies:
    - axi_stream
    - common_cells
    - common_verification
  register_interface:
    revision: null
    version: null
    source:
      Path: rtl/register_interface
    dependencies:
    - apb
    - common_cells
    - common_verification
  riscv-dbg:
    revision: null
    version: null
    source:
      Path: rtl/riscv-dbg
    dependencies:
    - common_cells
    - tech_cells_generic
  tech_cells_generic:
    revision: null
    version: null
    source:
      Path: rtl/tech_cells_generic
    dependencies:
    - common_verification
  timer_unit:
    revision: null
    version: null
    source:
      Path: rtl/timer_unit
    dependencies: []
